// !$*UTF8*$!
{
	archiveVersion = 1;
	classes = {
	};
	objectVersion = 51;
	objects = {

/* Begin PBXBuildFile section */
		040B740A2551563F00592340 /* KNApplication4sendEvent.m in Sources */ = {isa = PBXBuildFile; fileRef = 040B74092551563F00592340 /* KNApplication4sendEvent.m */; };
		041D8C312553A561006EA2CE /* KNSignViewController.m in Sources */ = {isa = PBXBuildFile; fileRef = 041D8C302553A561006EA2CE /* KNSignViewController.m */; };
		041D8C372553A7A2006EA2CE /* CRMCustomNav.m in Sources */ = {isa = PBXBuildFile; fileRef = 041D8C362553A7A2006EA2CE /* CRMCustomNav.m */; };
		0455F4D32553D6E000A1945C /* KNsignV.m in Sources */ = {isa = PBXBuildFile; fileRef = 0455F4D22553D6E000A1945C /* KNsignV.m */; };
		0455F4D92553D71000A1945C /* KNSignatureViewModel.m in Sources */ = {isa = PBXBuildFile; fileRef = 0455F4D82553D71000A1945C /* KNSignatureViewModel.m */; };
		0455F4DF2553D78B00A1945C /* CRMplaceHoalderLabel.m in Sources */ = {isa = PBXBuildFile; fileRef = 0455F4DD2553D78B00A1945C /* CRMplaceHoalderLabel.m */; };
		0455F4E42553F38100A1945C /* CRMsignBottomView.m in Sources */ = {isa = PBXBuildFile; fileRef = 0455F4E22553F38000A1945C /* CRMsignBottomView.m */; };
		0455F4F22553FBE800A1945C /* QCT_Common.m in Sources */ = {isa = PBXBuildFile; fileRef = 0455F4F12553FBE800A1945C /* QCT_Common.m */; };
		049626882554FD470092C6D3 /* NSStringQCTtoll.m in Sources */ = {isa = PBXBuildFile; fileRef = 049626872554FD470092C6D3 /* NSStringQCTtoll.m */; };
		04C81376255101A100ADB63B /* AppDelegate.m in Sources */ = {isa = PBXBuildFile; fileRef = 04C81375255101A100ADB63B /* AppDelegate.m */; };
		04C81379255101A100ADB63B /* SceneDelegate.m in Sources */ = {isa = PBXBuildFile; fileRef = 04C81378255101A100ADB63B /* SceneDelegate.m */; };
		04C8137C255101A100ADB63B /* ViewController.m in Sources */ = {isa = PBXBuildFile; fileRef = 04C8137B255101A100ADB63B /* ViewController.m */; };
		04C8137F255101A100ADB63B /* Main.storyboard in Resources */ = {isa = PBXBuildFile; fileRef = 04C8137D255101A100ADB63B /* Main.storyboard */; };
		04C81381255101A700ADB63B /* Assets.xcassets in Resources */ = {isa = PBXBuildFile; fileRef = 04C81380255101A700ADB63B /* Assets.xcassets */; };
		04C81384255101A700ADB63B /* LaunchScreen.storyboard in Resources */ = {isa = PBXBuildFile; fileRef = 04C81382255101A700ADB63B /* LaunchScreen.storyboard */; };
		04C81387255101A700ADB63B /* main.m in Sources */ = {isa = PBXBuildFile; fileRef = 04C81386255101A700ADB63B /* main.m */; };
		04C813912551021100ADB63B /* KNdrawView.m in Sources */ = {isa = PBXBuildFile; fileRef = 04C813902551021100ADB63B /* KNdrawView.m */; };
		44BE9D2A51F5C50D9966E828 /* libPods-drawView.a in Frameworks */ = {isa = PBXBuildFile; fileRef = D0488C3BE4AB54EA9271AB65 /* libPods-drawView.a */; };
/* End PBXBuildFile section */

/* Begin PBXFileReference section */
		040B74082551563F00592340 /* KNApplication4sendEvent.h */ = {isa = PBXFileReference; lastKnownFileType = sourcecode.c.h; path = KNApplication4sendEvent.h; sourceTree = "<group>"; };
		040B74092551563F00592340 /* KNApplication4sendEvent.m */ = {isa = PBXFileReference; lastKnownFileType = sourcecode.c.objc; path = KNApplication4sendEvent.m; sourceTree = "<group>"; };
		041D8C2F2553A561006EA2CE /* KNSignViewController.h */ = {isa = PBXFileReference; lastKnownFileType = sourcecode.c.h; path = KNSignViewController.h; sourceTree = "<group>"; };
		041D8C302553A561006EA2CE /* KNSignViewController.m */ = {isa = PBXFileReference; lastKnownFileType = sourcecode.c.objc; path = KNSignViewController.m; sourceTree = "<group>"; };
		041D8C352553A7A2006EA2CE /* CRMCustomNav.h */ = {isa = PBXFileReference; fileEncoding = 4; lastKnownFileType = sourcecode.c.h; path = CRMCustomNav.h; sourceTree = "<group>"; };
		041D8C362553A7A2006EA2CE /* CRMCustomNav.m */ = {isa = PBXFileReference; fileEncoding = 4; lastKnownFileType = sourcecode.c.objc; path = CRMCustomNav.m; sourceTree = "<group>"; };
		0455F4D12553D6E000A1945C /* KNsignV.h */ = {isa = PBXFileReference; lastKnownFileType = sourcecode.c.h; path = KNsignV.h; sourceTree = "<group>"; };
		0455F4D22553D6E000A1945C /* KNsignV.m */ = {isa = PBXFileReference; lastKnownFileType = sourcecode.c.objc; path = KNsignV.m; sourceTree = "<group>"; };
		0455F4D72553D71000A1945C /* KNSignatureViewModel.h */ = {isa = PBXFileReference; lastKnownFileType = sourcecode.c.h; path = KNSignatureViewModel.h; sourceTree = "<group>"; };
		0455F4D82553D71000A1945C /* KNSignatureViewModel.m */ = {isa = PBXFileReference; lastKnownFileType = sourcecode.c.objc; path = KNSignatureViewModel.m; sourceTree = "<group>"; };
		0455F4DD2553D78B00A1945C /* CRMplaceHoalderLabel.m */ = {isa = PBXFileReference; fileEncoding = 4; lastKnownFileType = sourcecode.c.objc; path = CRMplaceHoalderLabel.m; sourceTree = "<group>"; };
		0455F4DE2553D78B00A1945C /* CRMplaceHoalderLabel.h */ = {isa = PBXFileReference; fileEncoding = 4; lastKnownFileType = sourcecode.c.h; path = CRMplaceHoalderLabel.h; sourceTree = "<group>"; };
		0455F4E22553F38000A1945C /* CRMsignBottomView.m */ = {isa = PBXFileReference; fileEncoding = 4; lastKnownFileType = sourcecode.c.objc; path = CRMsignBottomView.m; sourceTree = "<group>"; };
		0455F4E32553F38000A1945C /* CRMsignBottomView.h */ = {isa = PBXFileReference; fileEncoding = 4; lastKnownFileType = sourcecode.c.h; path = CRMsignBottomView.h; sourceTree = "<group>"; };
		0455F4ED2553F9E000A1945C /* drawViewPrefixHeader.pch */ = {isa = PBXFileReference; lastKnownFileType = sourcecode.c.h; path = drawViewPrefixHeader.pch; sourceTree = "<group>"; };
		0455F4F02553FBE800A1945C /* QCT_Common.h */ = {isa = PBXFileReference; lastKnownFileType = sourcecode.c.h; path = QCT_Common.h; sourceTree = "<group>"; };
		0455F4F12553FBE800A1945C /* QCT_Common.m */ = {isa = PBXFileReference; lastKnownFileType = sourcecode.c.objc; path = QCT_Common.m; sourceTree = "<group>"; };
		049626862554FD470092C6D3 /* NSStringQCTtoll.h */ = {isa = PBXFileReference; fileEncoding = 4; lastKnownFileType = sourcecode.c.h; path = NSStringQCTtoll.h; sourceTree = "<group>"; };
		049626872554FD470092C6D3 /* NSStringQCTtoll.m */ = {isa = PBXFileReference; fileEncoding = 4; lastKnownFileType = sourcecode.c.objc; path = NSStringQCTtoll.m; sourceTree = "<group>"; };
		04C81371255101A100ADB63B /* drawView.app */ = {isa = PBXFileReference; explicitFileType = wrapper.application; includeInIndex = 0; path = drawView.app; sourceTree = BUILT_PRODUCTS_DIR; };
		04C81374255101A100ADB63B /* AppDelegate.h */ = {isa = PBXFileReference; lastKnownFileType = sourcecode.c.h; path = AppDelegate.h; sourceTree = "<group>"; };
		04C81375255101A100ADB63B /* AppDelegate.m */ = {isa = PBXFileReference; lastKnownFileType = sourcecode.c.objc; path = AppDelegate.m; sourceTree = "<group>"; };
		04C81377255101A100ADB63B /* SceneDelegate.h */ = {isa = PBXFileReference; lastKnownFileType = sourcecode.c.h; path = SceneDelegate.h; sourceTree = "<group>"; };
		04C81378255101A100ADB63B /* SceneDelegate.m */ = {isa = PBXFileReference; lastKnownFileType = sourcecode.c.objc; path = SceneDelegate.m; sourceTree = "<group>"; };
		04C8137A255101A100ADB63B /* ViewController.h */ = {isa = PBXFileReference; lastKnownFileType = sourcecode.c.h; path = ViewController.h; sourceTree = "<group>"; };
		04C8137B255101A100ADB63B /* ViewController.m */ = {isa = PBXFileReference; lastKnownFileType = sourcecode.c.objc; path = ViewController.m; sourceTree = "<group>"; };
		04C8137E255101A100ADB63B /* Base */ = {isa = PBXFileReference; lastKnownFileType = file.storyboard; name = Base; path = Base.lproj/Main.storyboard; sourceTree = "<group>"; };
		04C81380255101A700ADB63B /* Assets.xcassets */ = {isa = PBXFileReference; lastKnownFileType = folder.assetcatalog; path = Assets.xcassets; sourceTree = "<group>"; };
		04C81383255101A700ADB63B /* Base */ = {isa = PBXFileReference; lastKnownFileType = file.storyboard; name = Base; path = Base.lproj/LaunchScreen.storyboard; sourceTree = "<group>"; };
		04C81385255101A700ADB63B /* Info.plist */ = {isa = PBXFileReference; lastKnownFileType = text.plist.xml; path = Info.plist; sourceTree = "<group>"; };
		04C81386255101A700ADB63B /* main.m */ = {isa = PBXFileReference; lastKnownFileType = sourcecode.c.objc; path = main.m; sourceTree = "<group>"; };
		04C8138F2551021100ADB63B /* KNdrawView.h */ = {isa = PBXFileReference; lastKnownFileType = sourcecode.c.h; path = KNdrawView.h; sourceTree = "<group>"; };
		04C813902551021100ADB63B /* KNdrawView.m */ = {isa = PBXFileReference; lastKnownFileType = sourcecode.c.objc; path = KNdrawView.m; sourceTree = "<group>"; };
		110E876FC36A451590207B22 /* Pods-drawView.debug.xcconfig */ = {isa = PBXFileReference; includeInIndex = 1; lastKnownFileType = text.xcconfig; name = "Pods-drawView.debug.xcconfig"; path = "Target Support Files/Pods-drawView/Pods-drawView.debug.xcconfig"; sourceTree = "<group>"; };
		AE128AFF2397CFFAC702A5CE /* Pods-drawView.release.xcconfig */ = {isa = PBXFileReference; includeInIndex = 1; lastKnownFileType = text.xcconfig; name = "Pods-drawView.release.xcconfig"; path = "Target Support Files/Pods-drawView/Pods-drawView.release.xcconfig"; sourceTree = "<group>"; };
		D0488C3BE4AB54EA9271AB65 /* libPods-drawView.a */ = {isa = PBXFileReference; explicitFileType = archive.ar; includeInIndex = 0; path = "libPods-drawView.a"; sourceTree = BUILT_PRODUCTS_DIR; };
/* End PBXFileReference section */

/* Begin PBXFrameworksBuildPhase section */
		04C8136E255101A100ADB63B /* Frameworks */ = {
			isa = PBXFrameworksBuildPhase;
			buildActionMask = 2147483647;
			files = (
				44BE9D2A51F5C50D9966E828 /* libPods-drawView.a in Frameworks */,
			);
			runOnlyForDeploymentPostprocessing = 0;
		};
/* End PBXFrameworksBuildPhase section */

/* Begin PBXGroup section */
		040B7407255155FD00592340 /* peocessEvent */ = {
			isa = PBXGroup;
			children = (
				040B74082551563F00592340 /* KNApplication4sendEvent.h */,
				040B74092551563F00592340 /* KNApplication4sendEvent.m */,
			);
			path = peocessEvent;
			sourceTree = "<group>";
		};
		041D8C2E2553A538006EA2CE /* SignView */ = {
			isa = PBXGroup;
			children = (
				049626862554FD470092C6D3 /* NSStringQCTtoll.h */,
				049626872554FD470092C6D3 /* NSStringQCTtoll.m */,
				0455F4EF2553FBDD00A1945C /* QCT_Common */,
				0455F4D62553D6F800A1945C /* viewModel */,
				0455F4D02553D0B700A1945C /* signV */,
				041D8C342553A787006EA2CE /* CRMCustomNav */,
				041D8C2F2553A561006EA2CE /* KNSignViewController.h */,
				041D8C302553A561006EA2CE /* KNSignViewController.m */,
			);
			path = SignView;
			sourceTree = "<group>";
		};
		041D8C342553A787006EA2CE /* CRMCustomNav */ = {
			isa = PBXGroup;
			children = (
				041D8C352553A7A2006EA2CE /* CRMCustomNav.h */,
				041D8C362553A7A2006EA2CE /* CRMCustomNav.m */,
			);
			path = CRMCustomNav;
			sourceTree = "<group>";
		};
		0455F4D02553D0B700A1945C /* signV */ = {
			isa = PBXGroup;
			children = (
				0455F4E12553F38000A1945C /* bottom */,
				0455F4DC2553D77700A1945C /* placeHoalderLabel */,
				0455F4D12553D6E000A1945C /* KNsignV.h */,
				0455F4D22553D6E000A1945C /* KNsignV.m */,
			);
			path = signV;
			sourceTree = "<group>";
		};
		0455F4D62553D6F800A1945C /* viewModel */ = {
			isa = PBXGroup;
			children = (
				0455F4D72553D71000A1945C /* KNSignatureViewModel.h */,
				0455F4D82553D71000A1945C /* KNSignatureViewModel.m */,
			);
			path = viewModel;
			sourceTree = "<group>";
		};
		0455F4DC2553D77700A1945C /* placeHoalderLabel */ = {
			isa = PBXGroup;
			children = (
				0455F4DE2553D78B00A1945C /* CRMplaceHoalderLabel.h */,
				0455F4DD2553D78B00A1945C /* CRMplaceHoalderLabel.m */,
			);
			path = placeHoalderLabel;
			sourceTree = "<group>";
		};
		0455F4E12553F38000A1945C /* bottom */ = {
			isa = PBXGroup;
			children = (
				0455F4E22553F38000A1945C /* CRMsignBottomView.m */,
				0455F4E32553F38000A1945C /* CRMsignBottomView.h */,
			);
			path = bottom;
			sourceTree = "<group>";
		};
		0455F4EF2553FBDD00A1945C /* QCT_Common */ = {
			isa = PBXGroup;
			children = (
				0455F4F02553FBE800A1945C /* QCT_Common.h */,
				0455F4F12553FBE800A1945C /* QCT_Common.m */,
			);
			path = QCT_Common;
			sourceTree = "<group>";
		};
		04B4EE9925539AE00080008B /* VC */ = {
			isa = PBXGroup;
			children = (
				04C8137A255101A100ADB63B /* ViewController.h */,
				04C8137B255101A100ADB63B /* ViewController.m */,
			);
			path = VC;
			sourceTree = "<group>";
		};
		04C81368255101A100ADB63B = {
			isa = PBXGroup;
			children = (
				04C81373255101A100ADB63B /* drawView */,
				04C81372255101A100ADB63B /* Products */,
				879BAD6A64792686B0D9E18E /* Pods */,
				97C42E375894F5539C567B1A /* Frameworks */,
			);
			sourceTree = "<group>";
		};
		04C81372255101A100ADB63B /* Products */ = {
			isa = PBXGroup;
			children = (
				04C81371255101A100ADB63B /* drawView.app */,
			);
			name = Products;
			sourceTree = "<group>";
		};
		04C81373255101A100ADB63B /* drawView */ = {
			isa = PBXGroup;
			children = (
				041D8C2E2553A538006EA2CE /* SignView */,
				040B7407255155FD00592340 /* peocessEvent */,
				04C8138E255101F800ADB63B /* V */,
				04C81374255101A100ADB63B /* AppDelegate.h */,
				04C81375255101A100ADB63B /* AppDelegate.m */,
				04C81377255101A100ADB63B /* SceneDelegate.h */,
				04C81378255101A100ADB63B /* SceneDelegate.m */,
				04B4EE9925539AE00080008B /* VC */,
				04C8137D255101A100ADB63B /* Main.storyboard */,
				04C81380255101A700ADB63B /* Assets.xcassets */,
				04C81382255101A700ADB63B /* LaunchScreen.storyboard */,
				04C81385255101A700ADB63B /* Info.plist */,
				04C81386255101A700ADB63B /* main.m */,
				0455F4ED2553F9E000A1945C /* drawViewPrefixHeader.pch */,
			);
			path = drawView;
			sourceTree = "<group>";
		};
		04C8138E255101F800ADB63B /* V */ = {
			isa = PBXGroup;
			children = (
				04C8138F2551021100ADB63B /* KNdrawView.h */,
				04C813902551021100ADB63B /* KNdrawView.m */,
			);
			path = V;
			sourceTree = "<group>";
		};
		879BAD6A64792686B0D9E18E /* Pods */ = {
			isa = PBXGroup;
			children = (
				110E876FC36A451590207B22 /* Pods-drawView.debug.xcconfig */,
				AE128AFF2397CFFAC702A5CE /* Pods-drawView.release.xcconfig */,
			);
			path = Pods;
			sourceTree = "<group>";
		};
		97C42E375894F5539C567B1A /* Frameworks */ = {
			isa = PBXGroup;
			children = (
				D0488C3BE4AB54EA9271AB65 /* libPods-drawView.a */,
			);
			name = Frameworks;
			sourceTree = "<group>";
		};
/* End PBXGroup section */

/* Begin PBXNativeTarget section */
		04C81370255101A100ADB63B /* drawView */ = {
			isa = PBXNativeTarget;
			buildConfigurationList = 04C8138A255101A700ADB63B /* Build configuration list for PBXNativeTarget "drawView" */;
			buildPhases = (
				6279A72430585763472815B3 /* [CP] Check Pods Manifest.lock */,
				04C8136D255101A100ADB63B /* Sources */,
				04C8136E255101A100ADB63B /* Frameworks */,
				04C8136F255101A100ADB63B /* Resources */,
				1DCD24624501CCDD18D703B0 /* [CP] Copy Pods Resources */,
			);
			buildRules = (
			);
			dependencies = (
			);
			name = drawView;
			productName = drawView;
			productReference = 04C81371255101A100ADB63B /* drawView.app */;
			productType = "com.apple.product-type.application";
		};
/* End PBXNativeTarget section */

/* Begin PBXProject section */
		04C81369255101A100ADB63B /* Project object */ = {
			isa = PBXProject;
			attributes = {
				CLASSPREFIX = KN;
				LastUpgradeCheck = 1200;
				ORGANIZATIONNAME = "https://kunnan.blog.csdn.net        ";
				TargetAttributes = {
					04C81370255101A100ADB63B = {
						CreatedOnToolsVersion = 12.0;
					};
				};
			};
			buildConfigurationList = 04C8136C255101A100ADB63B /* Build configuration list for PBXProject "drawView" */;
			compatibilityVersion = "Xcode 9.3";
			developmentRegion = en;
			hasScannedForEncodings = 0;
			knownRegions = (
				en,
				Base,
			);
			mainGroup = 04C81368255101A100ADB63B;
			productRefGroup = 04C81372255101A100ADB63B /* Products */;
			projectDirPath = "";
			projectRoot = "";
			targets = (
				04C81370255101A100ADB63B /* drawView */,
			);
		};
/* End PBXProject section */

/* Begin PBXResourcesBuildPhase section */
		04C8136F255101A100ADB63B /* Resources */ = {
			isa = PBXResourcesBuildPhase;
			buildActionMask = 2147483647;
			files = (
				04C81384255101A700ADB63B /* LaunchScreen.storyboard in Resources */,
				04C81381255101A700ADB63B /* Assets.xcassets in Resources */,
				04C8137F255101A100ADB63B /* Main.storyboard in Resources */,
			);
			runOnlyForDeploymentPostprocessing = 0;
		};
/* End PBXResourcesBuildPhase section */

/* Begin PBXShellScriptBuildPhase section */
		1DCD24624501CCDD18D703B0 /* [CP] Copy Pods Resources */ = {
			isa = PBXShellScriptBuildPhase;
			buildActionMask = 2147483647;
			files = (
			);
			inputFileListPaths = (
				"${PODS_ROOT}/Target Support Files/Pods-drawView/Pods-drawView-resources-${CONFIGURATION}-input-files.xcfilelist",
			);
			name = "[CP] Copy Pods Resources";
			outputFileListPaths = (
				"${PODS_ROOT}/Target Support Files/Pods-drawView/Pods-drawView-resources-${CONFIGURATION}-output-files.xcfilelist",
			);
			runOnlyForDeploymentPostprocessing = 0;
			shellPath = /bin/sh;
			shellScript = "\"${PODS_ROOT}/Target Support Files/Pods-drawView/Pods-drawView-resources.sh\"\n";
			showEnvVarsInLog = 0;
		};
		6279A72430585763472815B3 /* [CP] Check Pods Manifest.lock */ = {
			isa = PBXShellScriptBuildPhase;
			buildActionMask = 2147483647;
			files = (
			);
			inputFileListPaths = (
			);
			inputPaths = (
				"${PODS_PODFILE_DIR_PATH}/Podfile.lock",
				"${PODS_ROOT}/Manifest.lock",
			);
			name = "[CP] Check Pods Manifest.lock";
			outputFileListPaths = (
			);
			outputPaths = (
				"$(DERIVED_FILE_DIR)/Pods-drawView-checkManifestLockResult.txt",
			);
			runOnlyForDeploymentPostprocessing = 0;
			shellPath = /bin/sh;
			shellScript = "diff \"${PODS_PODFILE_DIR_PATH}/Podfile.lock\" \"${PODS_ROOT}/Manifest.lock\" > /dev/null\nif [ $? != 0 ] ; then\n    # print error to STDERR\n    echo \"error: The sandbox is not in sync with the Podfile.lock. Run 'pod install' or update your CocoaPods installation.\" >&2\n    exit 1\nfi\n# This output is used by Xcode 'outputs' to avoid re-running this script phase.\necho \"SUCCESS\" > \"${SCRIPT_OUTPUT_FILE_0}\"\n";
			showEnvVarsInLog = 0;
		};
/* End PBXShellScriptBuildPhase section */

/* Begin PBXSourcesBuildPhase section */
		04C8136D255101A100ADB63B /* Sources */ = {
			isa = PBXSourcesBuildPhase;
			buildActionMask = 2147483647;
			files = (
				0455F4D32553D6E000A1945C /* KNsignV.m in Sources */,
				04C8137C255101A100ADB63B /* ViewController.m in Sources */,
				0455F4D92553D71000A1945C /* KNSignatureViewModel.m in Sources */,
				040B740A2551563F00592340 /* KNApplication4sendEvent.m in Sources */,
				0455F4F22553FBE800A1945C /* QCT_Common.m in Sources */,
				04C81376255101A100ADB63B /* AppDelegate.m in Sources */,
				041D8C372553A7A2006EA2CE /* CRMCustomNav.m in Sources */,
				0455F4DF2553D78B00A1945C /* CRMplaceHoalderLabel.m in Sources */,
				04C813912551021100ADB63B /* KNdrawView.m in Sources */,
				04C81387255101A700ADB63B /* main.m in Sources */,
				0455F4E42553F38100A1945C /* CRMsignBottomView.m in Sources */,
				049626882554FD470092C6D3 /* NSStringQCTtoll.m in Sources */,
				04C81379255101A100ADB63B /* SceneDelegate.m in Sources */,
				041D8C312553A561006EA2CE /* KNSignViewController.m in Sources */,
			);
			runOnlyForDeploymentPostprocessing = 0;
		};
/* End PBXSourcesBuildPhase section */

/* Begin PBXVariantGroup section */
		04C8137D255101A100ADB63B /* Main.storyboard */ = {
			isa = PBXVariantGroup;
			children = (
				04C8137E255101A100ADB63B /* Base */,
			);
			name = Main.storyboard;
			sourceTree = "<group>";
		};
		04C81382255101A700ADB63B /* LaunchScreen.storyboard */ = {
			isa = PBXVariantGroup;
			children = (
				04C81383255101A700ADB63B /* Base */,
			);
			name = LaunchScreen.storyboard;
			sourceTree = "<group>";
		};
/* End PBXVariantGroup section */

/* Begin XCBuildConfiguration section */
		04C81388255101A700ADB63B /* Debug */ = {
			isa = XCBuildConfiguration;
			buildSettings = {
				ALWAYS_SEARCH_USER_PATHS = NO;
				CLANG_ANALYZER_NONNULL = YES;
				CLANG_ANALYZER_NUMBER_OBJECT_CONVERSION = YES_AGGRESSIVE;
				CLANG_CXX_LANGUAGE_STANDARD = "gnu++14";
				CLANG_CXX_LIBRARY = "libc++";
				CLANG_ENABLE_MODULES = YES;
				CLANG_ENABLE_OBJC_ARC = YES;
				CLANG_ENABLE_OBJC_WEAK = YES;
				CLANG_WARN_BLOCK_CAPTURE_AUTORELEASING = YES;
				CLANG_WARN_BOOL_CONVERSION = YES;
				CLANG_WARN_COMMA = YES;
				CLANG_WARN_CONSTANT_CONVERSION = YES;
				CLANG_WARN_DEPRECATED_OBJC_IMPLEMENTATIONS = YES;
				CLANG_WARN_DIRECT_OBJC_ISA_USAGE = YES_ERROR;
				CLANG_WARN_DOCUMENTATION_COMMENTS = YES;
				CLANG_WARN_EMPTY_BODY = YES;
				CLANG_WARN_ENUM_CONVERSION = YES;
				CLANG_WARN_INFINITE_RECURSION = YES;
				CLANG_WARN_INT_CONVERSION = YES;
				CLANG_WARN_NON_LITERAL_NULL_CONVERSION = YES;
				CLANG_WARN_OBJC_IMPLICIT_RETAIN_SELF = YES;
				CLANG_WARN_OBJC_LITERAL_CONVERSION = YES;
				CLANG_WARN_OBJC_ROOT_CLASS = YES_ERROR;
				CLANG_WARN_QUOTED_INCLUDE_IN_FRAMEWORK_HEADER = YES;
				CLANG_WARN_RANGE_LOOP_ANALYSIS = YES;
				CLANG_WARN_STRICT_PROTOTYPES = YES;
				CLANG_WARN_SUSPICIOUS_MOVE = YES;
				CLANG_WARN_UNGUARDED_AVAILABILITY = YES_AGGRESSIVE;
				CLANG_WARN_UNREACHABLE_CODE = YES;
				CLANG_WARN__DUPLICATE_METHOD_MATCH = YES;
				COPY_PHASE_STRIP = NO;
				DEBUG_INFORMATION_FORMAT = dwarf;
				ENABLE_STRICT_OBJC_MSGSEND = YES;
				ENABLE_TESTABILITY = YES;
				GCC_C_LANGUAGE_STANDARD = gnu11;
				GCC_DYNAMIC_NO_PIC = NO;
				GCC_NO_COMMON_BLOCKS = YES;
				GCC_OPTIMIZATION_LEVEL = 0;
				GCC_PREPROCESSOR_DEFINITIONS = (
					"DEBUG=1",
					"$(inherited)",
				);
				GCC_WARN_64_TO_32_BIT_CONVERSION = YES;
				GCC_WARN_ABOUT_RETURN_TYPE = YES_ERROR;
				GCC_WARN_UNDECLARED_SELECTOR = YES;
				GCC_WARN_UNINITIALIZED_AUTOS = YES_AGGRESSIVE;
				GCC_WARN_UNUSED_FUNCTION = YES;
				GCC_WARN_UNUSED_VARIABLE = YES;
				IPHONEOS_DEPLOYMENT_TARGET = 14.0;
				MTL_ENABLE_DEBUG_INFO = INCLUDE_SOURCE;
				MTL_FAST_MATH = YES;
				ONLY_ACTIVE_ARCH = YES;
				SDKROOT = iphoneos;
			};
			name = Debug;
		};
		04C81389255101A700ADB63B /* Release */ = {
			isa = XCBuildConfiguration;
			buildSettings = {
				ALWAYS_SEARCH_USER_PATHS = NO;
				CLANG_ANALYZER_NONNULL = YES;
				CLANG_ANALYZER_NUMBER_OBJECT_CONVERSION = YES_AGGRESSIVE;
				CLANG_CXX_LANGUAGE_STANDARD = "gnu++14";
				CLANG_CXX_LIBRARY = "libc++";
				CLANG_ENABLE_MODULES = YES;
				CLANG_ENABLE_OBJC_ARC = YES;
				CLANG_ENABLE_OBJC_WEAK = YES;
				CLANG_WARN_BLOCK_CAPTURE_AUTORELEASING = YES;
				CLANG_WARN_BOOL_CONVERSION = YES;
				CLANG_WARN_COMMA = YES;
				CLANG_WARN_CONSTANT_CONVERSION = YES;
				CLANG_WARN_DEPRECATED_OBJC_IMPLEMENTATIONS = YES;
				CLANG_WARN_DIRECT_OBJC_ISA_USAGE = YES_ERROR;
				CLANG_WARN_DOCUMENTATION_COMMENTS = YES;
				CLANG_WARN_EMPTY_BODY = YES;
				CLANG_WARN_ENUM_CONVERSION = YES;
				CLANG_WARN_INFINITE_RECURSION = YES;
				CLANG_WARN_INT_CONVERSION = YES;
				CLANG_WARN_NON_LITERAL_NULL_CONVERSION = YES;
				CLANG_WARN_OBJC_IMPLICIT_RETAIN_SELF = YES;
				CLANG_WARN_OBJC_LITERAL_CONVERSION = YES;
				CLANG_WARN_OBJC_ROOT_CLASS = YES_ERROR;
				CLANG_WARN_QUOTED_INCLUDE_IN_FRAMEWORK_HEADER = YES;
				CLANG_WARN_RANGE_LOOP_ANALYSIS = YES;
				CLANG_WARN_STRICT_PROTOTYPES = YES;
				CLANG_WARN_SUSPICIOUS_MOVE = YES;
				CLANG_WARN_UNGUARDED_AVAILABILITY = YES_AGGRESSIVE;
				CLANG_WARN_UNREACHABLE_CODE = YES;
				CLANG_WARN__DUPLICATE_METHOD_MATCH = YES;
				COPY_PHASE_STRIP = NO;
				DEBUG_INFORMATION_FORMAT = "dwarf-with-dsym";
				ENABLE_NS_ASSERTIONS = NO;
				ENABLE_STRICT_OBJC_MSGSEND = YES;
				GCC_C_LANGUAGE_STANDARD = gnu11;
				GCC_NO_COMMON_BLOCKS = YES;
				GCC_WARN_64_TO_32_BIT_CONVERSION = YES;
				GCC_WARN_ABOUT_RETURN_TYPE = YES_ERROR;
				GCC_WARN_UNDECLARED_SELECTOR = YES;
				GCC_WARN_UNINITIALIZED_AUTOS = YES_AGGRESSIVE;
				GCC_WARN_UNUSED_FUNCTION = YES;
				GCC_WARN_UNUSED_VARIABLE = YES;
				IPHONEOS_DEPLOYMENT_TARGET = 14.0;
				MTL_ENABLE_DEBUG_INFO = NO;
				MTL_FAST_MATH = YES;
				SDKROOT = iphoneos;
				VALIDATE_PRODUCT = YES;
			};
			name = Release;
		};
		04C8138B255101A700ADB63B /* Debug */ = {
			isa = XCBuildConfiguration;
			baseConfigurationReference = 110E876FC36A451590207B22 /* Pods-drawView.debug.xcconfig */;
			buildSettings = {
				ASSETCATALOG_COMPILER_APPICON_NAME = AppIcon;
				ASSETCATALOG_COMPILER_GLOBAL_ACCENT_COLOR_NAME = AccentColor;
				CODE_SIGN_STYLE = Automatic;
				DEVELOPMENT_TEAM = 249PMS4KB9;
				GCC_PRECOMPILE_PREFIX_HEADER = YES;
				GCC_PREFIX_HEADER = drawView/drawViewPrefixHeader.pch;
				INFOPLIST_FILE = drawView/Info.plist;
				IPHONEOS_DEPLOYMENT_TARGET = 12.0;
				LD_RUNPATH_SEARCH_PATHS = (
					"$(inherited)",
					"@executable_path/Frameworks",
				);
				PRODUCT_BUNDLE_IDENTIFIER = kunnan.blog.csdn.net.drawView;
				PRODUCT_NAME = "$(TARGET_NAME)";
				TARGETED_DEVICE_FAMILY = "1,2";
			};
			name = Debug;
		};
		04C8138C255101A700ADB63B /* Release */ = {
			isa = XCBuildConfiguration;
			baseConfigurationReference = AE128AFF2397CFFAC702A5CE /* Pods-drawView.release.xcconfig */;
			buildSettings = {
				ASSETCATALOG_COMPILER_APPICON_NAME = AppIcon;
				ASSETCATALOG_COMPILER_GLOBAL_ACCENT_COLOR_NAME = AccentColor;
				CODE_SIGN_STYLE = Automatic;
				DEVELOPMENT_TEAM = 249PMS4KB9;
				GCC_PRECOMPILE_PREFIX_HEADER = YES;
				GCC_PREFIX_HEADER = drawView/drawViewPrefixHeader.pch;
				INFOPLIST_FILE = drawView/Info.plist;
				IPHONEOS_DEPLOYMENT_TARGET = 12.0;
				LD_RUNPATH_SEARCH_PATHS = (
					"$(inherited)",
					"@executable_path/Frameworks",
				);
				PRODUCT_BUNDLE_IDENTIFIER = kunnan.blog.csdn.net.drawView;
				PRODUCT_NAME = "$(TARGET_NAME)";
				TARGETED_DEVICE_FAMILY = "1,2";
			};
			name = Release;
		};
/* End XCBuildConfiguration section */

/* Begin XCConfigurationList section */
		04C8136C255101A100ADB63B /* Build configuration list for PBXProject "drawView" */ = {
			isa = XCConfigurationList;
			buildConfigurations = (
				04C81388255101A700ADB63B /* Debug */,
				04C81389255101A700ADB63B /* Release */,
			);
			defaultConfigurationIsVisible = 0;
			defaultConfigurationName = Release;
		};
		04C8138A255101A700ADB63B /* Build configuration list for PBXNativeTarget "drawView" */ = {
			isa = XCConfigurationList;
			buildConfigurations = (
				04C8138B255101A700ADB63B /* Debug */,
				04C8138C255101A700ADB63B /* Release */,
			);
			defaultConfigurationIsVisible = 0;
			defaultConfigurationName = Release;
		};
/* End XCConfigurationList section */
	};
	rootObject = 04C81369255101A100ADB63B /* Project object */;
}
